// !$*UTF8*$!
{
	archiveVersion = 1;
	classes = {
	};
	objectVersion = 77;
	objects = {

/* Begin PBXBuildFile section */
		0E2A8BA8941AA0DE9B967971 /* Pods_Swift_LongImage.framework in Frameworks */ = {isa = PBXBuildFile; fileRef = 9BE78C53E8DE34F454F1DD26 /* Pods_Swift_LongImage.framework */; };
		C0E0ADF72E386B0F00E8F8EA /* Assets.xcassets in Resources */ = {isa = PBXBuildFile; fileRef = C0E0ADEE2E386B0F00E8F8EA /* Assets.xcassets */; };
		C0E0ADF92E386B0F00E8F8EA /* LaunchScreen.storyboard in Resources */ = {isa = PBXBuildFile; fileRef = C0E0ADF12E386B0F00E8F8EA /* LaunchScreen.storyboard */; };
		C0E0ADFA2E386B0F00E8F8EA /* Main.storyboard in Resources */ = {isa = PBXBuildFile; fileRef = C0E0ADF32E386B0F00E8F8EA /* Main.storyboard */; };
		C0E0ADFB2E386B0F00E8F8EA /* AppDelegate.swift in Sources */ = {isa = PBXBuildFile; fileRef = C0E0ADED2E386B0F00E8F8EA /* AppDelegate.swift */; };
		C0E0ADFC2E386B0F00E8F8EA /* SceneDelegate.swift in Sources */ = {isa = PBXBuildFile; fileRef = C0E0ADF42E386B0F00E8F8EA /* SceneDelegate.swift */; };
		C0E0ADFD2E386B0F00E8F8EA /* ViewController.swift in Sources */ = {isa = PBXBuildFile; fileRef = C0E0ADF52E386B0F00E8F8EA /* ViewController.swift */; };
/* End PBXBuildFile section */

/* Begin PBXFileReference section */
		423ABD36AB4899B03EE7D139 /* Pods-Swift-LongImage.release.xcconfig */ = {isa = PBXFileReference; includeInIndex = 1; lastKnownFileType = text.xcconfig; name = "Pods-Swift-LongImage.release.xcconfig"; path = "Target Support Files/Pods-Swift-LongImage/Pods-Swift-LongImage.release.xcconfig"; sourceTree = "<group>"; };
		9BE78C53E8DE34F454F1DD26 /* Pods_Swift_LongImage.framework */ = {isa = PBXFileReference; explicitFileType = wrapper.framework; includeInIndex = 0; path = Pods_Swift_LongImage.framework; sourceTree = BUILT_PRODUCTS_DIR; };
		A399EC3F3DB05752E477D03E /* Pods-Swift-LongImage.debug.xcconfig */ = {isa = PBXFileReference; includeInIndex = 1; lastKnownFileType = text.xcconfig; name = "Pods-Swift-LongImage.debug.xcconfig"; path = "Target Support Files/Pods-Swift-LongImage/Pods-Swift-LongImage.debug.xcconfig"; sourceTree = "<group>"; };
		C0E0ADD52E386B0800E8F8EA /* Swift-LongImage.app */ = {isa = PBXFileReference; explicitFileType = wrapper.application; includeInIndex = 0; path = "Swift-LongImage.app"; sourceTree = BUILT_PRODUCTS_DIR; };
		C0E0ADED2E386B0F00E8F8EA /* AppDelegate.swift */ = {isa = PBXFileReference; lastKnownFileType = sourcecode.swift; path = AppDelegate.swift; sourceTree = "<group>"; };
		C0E0ADEE2E386B0F00E8F8EA /* Assets.xcassets */ = {isa = PBXFileReference; lastKnownFileType = folder.assetcatalog; path = Assets.xcassets; sourceTree = "<group>"; };
		C0E0ADEF2E386B0F00E8F8EA /* Info.plist */ = {isa = PBXFileReference; lastKnownFileType = text.plist.xml; path = Info.plist; sourceTree = "<group>"; };
		C0E0ADF02E386B0F00E8F8EA /* Base */ = {isa = PBXFileReference; lastKnownFileType = file.storyboard; name = Base; path = Base.lproj/LaunchScreen.storyboard; sourceTree = "<group>"; };
		C0E0ADF22E386B0F00E8F8EA /* Base */ = {isa = PBXFileReference; lastKnownFileType = file.storyboard; name = Base; path = Base.lproj/Main.storyboard; sourceTree = "<group>"; };
		C0E0ADF42E386B0F00E8F8EA /* SceneDelegate.swift */ = {isa = PBXFileReference; lastKnownFileType = sourcecode.swift; path = SceneDelegate.swift; sourceTree = "<group>"; };
		C0E0ADF52E386B0F00E8F8EA /* ViewController.swift */ = {isa = PBXFileReference; lastKnownFileType = sourcecode.swift; path = ViewController.swift; sourceTree = "<group>"; };
/* End PBXFileReference section */

/* Begin PBXFrameworksBuildPhase section */
		C0E0ADD22E386B0800E8F8EA /* Frameworks */ = {
			isa = PBXFrameworksBuildPhase;
			buildActionMask = 2147483647;
			files = (
				0E2A8BA8941AA0DE9B967971 /* Pods_Swift_LongImage.framework in Frameworks */,
			);
			runOnlyForDeploymentPostprocessing = 0;
		};
/* End PBXFrameworksBuildPhase section */

/* Begin PBXGroup section */
		64A37E1C46633712A6FBE34D /* Frameworks */ = {
			isa = PBXGroup;
			children = (
				9BE78C53E8DE34F454F1DD26 /* Pods_Swift_LongImage.framework */,
			);
			name = Frameworks;
			sourceTree = "<group>";
		};
		C0E0ADCC2E386B0800E8F8EA = {
			isa = PBXGroup;
			children = (
				C0E0ADF62E386B0F00E8F8EA /* Swift-LongImage */,
				C0E0ADD62E386B0800E8F8EA /* Products */,
				D308FAB20261EAC69E2B6A3E /* Pods */,
				64A37E1C46633712A6FBE34D /* Frameworks */,
			);
			sourceTree = "<group>";
		};
		C0E0ADD62E386B0800E8F8EA /* Products */ = {
			isa = PBXGroup;
			children = (
				C0E0ADD52E386B0800E8F8EA /* Swift-LongImage.app */,
			);
			name = Products;
			sourceTree = "<group>";
		};
		C0E0ADF62E386B0F00E8F8EA /* Swift-LongImage */ = {
			isa = PBXGroup;
			children = (
				C0E0ADED2E386B0F00E8F8EA /* AppDelegate.swift */,
				C0E0ADEE2E386B0F00E8F8EA /* Assets.xcassets */,
				C0E0ADEF2E386B0F00E8F8EA /* Info.plist */,
				C0E0ADF12E386B0F00E8F8EA /* LaunchScreen.storyboard */,
				C0E0ADF32E386B0F00E8F8EA /* Main.storyboard */,
				C0E0ADF42E386B0F00E8F8EA /* SceneDelegate.swift */,
				C0E0ADF52E386B0F00E8F8EA /* ViewController.swift */,
			);
			path = "Swift-LongImage";
			sourceTree = "<group>";
		};
		D308FAB20261EAC69E2B6A3E /* Pods */ = {
			isa = PBXGroup;
			children = (
				A399EC3F3DB05752E477D03E /* Pods-Swift-LongImage.debug.xcconfig */,
				423ABD36AB4899B03EE7D139 /* Pods-Swift-LongImage.release.xcconfig */,
			);
			path = Pods;
			sourceTree = "<group>";
		};
/* End PBXGroup section */

/* Begin PBXNativeTarget section */
		C0E0ADD42E386B0800E8F8EA /* Swift-LongImage */ = {
			isa = PBXNativeTarget;
			buildConfigurationList = C0E0ADE82E386B0900E8F8EA /* Build configuration list for PBXNativeTarget "Swift-LongImage" */;
			buildPhases = (
				EC88482CE1FBCF416FC39F93 /* [CP] Check Pods Manifest.lock */,
				C0E0ADD12E386B0800E8F8EA /* Sources */,
				C0E0ADD22E386B0800E8F8EA /* Frameworks */,
				C0E0ADD32E386B0800E8F8EA /* Resources */,
				303F5146CB3C98BA7E0F403B /* [CP] Embed Pods Frameworks */,
			);
			buildRules = (
			);
			dependencies = (
			);
			name = "Swift-LongImage";
			productName = "Swift-LongImage";
			productReference = C0E0ADD52E386B0800E8F8EA /* Swift-LongImage.app */;
			productType = "com.apple.product-type.application";
		};
/* End PBXNativeTarget section */

/* Begin PBXProject section */
		C0E0ADCD2E386B0800E8F8EA /* Project object */ = {
			isa = PBXProject;
			attributes = {
				BuildIndependentTargetsInParallel = 1;
				LastSwiftUpdateCheck = 1630;
				LastUpgradeCheck = 1630;
				TargetAttributes = {
					C0E0ADD42E386B0800E8F8EA = {
						CreatedOnToolsVersion = 16.3;
					};
				};
			};
			buildConfigurationList = C0E0ADD02E386B0800E8F8EA /* Build configuration list for PBXProject "Swift-LongImage" */;
			developmentRegion = en;
			hasScannedForEncodings = 0;
			knownRegions = (
				en,
				Base,
			);
			mainGroup = C0E0ADCC2E386B0800E8F8EA;
			minimizedProjectReferenceProxies = 1;
			preferredProjectObjectVersion = 77;
			productRefGroup = C0E0ADD62E386B0800E8F8EA /* Products */;
			projectDirPath = "";
			projectRoot = "";
			targets = (
				C0E0ADD42E386B0800E8F8EA /* Swift-LongImage */,
			);
		};
/* End PBXProject section */

/* Begin PBXResourcesBuildPhase section */
		C0E0ADD32E386B0800E8F8EA /* Resources */ = {
			isa = PBXResourcesBuildPhase;
			buildActionMask = 2147483647;
			files = (
				C0E0ADF72E386B0F00E8F8EA /* Assets.xcassets in Resources */,
				C0E0ADF92E386B0F00E8F8EA /* LaunchScreen.storyboard in Resources */,
				C0E0ADFA2E386B0F00E8F8EA /* Main.storyboard in Resources */,
			);
			runOnlyForDeploymentPostprocessing = 0;
		};
/* End PBXResourcesBuildPhase section */

/* Begin PBXShellScriptBuildPhase section */
		303F5146CB3C98BA7E0F403B /* [CP] Embed Pods Frameworks */ = {
			isa = PBXShellScriptBuildPhase;
			buildActionMask = 2147483647;
			files = (
			);
			inputFileListPaths = (
				"${PODS_ROOT}/Target Support Files/Pods-Swift-LongImage/Pods-Swift-LongImage-frameworks-${CONFIGURATION}-input-files.xcfilelist",
			);
			inputPaths = (
			);
			name = "[CP] Embed Pods Frameworks";
			outputFileListPaths = (
				"${PODS_ROOT}/Target Support Files/Pods-Swift-LongImage/Pods-Swift-LongImage-frameworks-${CONFIGURATION}-output-files.xcfilelist",
			);
			outputPaths = (
			);
			runOnlyForDeploymentPostprocessing = 0;
			shellPath = /bin/sh;
			shellScript = "\"${PODS_ROOT}/Target Support Files/Pods-Swift-LongImage/Pods-Swift-LongImage-frameworks.sh\"\n";
			showEnvVarsInLog = 0;
		};
		EC88482CE1FBCF416FC39F93 /* [CP] Check Pods Manifest.lock */ = {
			isa = PBXShellScriptBuildPhase;
			buildActionMask = 2147483647;
			files = (
			);
			inputFileListPaths = (
			);
			inputPaths = (
				"${PODS_PODFILE_DIR_PATH}/Podfile.lock",
				"${PODS_ROOT}/Manifest.lock",
			);
			name = "[CP] Check Pods Manifest.lock";
			outputFileListPaths = (
			);
			outputPaths = (
				"$(DERIVED_FILE_DIR)/Pods-Swift-LongImage-checkManifestLockResult.txt",
			);
			runOnlyForDeploymentPostprocessing = 0;
			shellPath = /bin/sh;
			shellScript = "diff \"${PODS_PODFILE_DIR_PATH}/Podfile.lock\" \"${PODS_ROOT}/Manifest.lock\" > /dev/null\nif [ $? != 0 ] ; then\n    # print error to STDERR\n    echo \"error: The sandbox is not in sync with the Podfile.lock. Run 'pod install' or update your CocoaPods installation.\" >&2\n    exit 1\nfi\n# This output is used by Xcode 'outputs' to avoid re-running this script phase.\necho \"SUCCESS\" > \"${SCRIPT_OUTPUT_FILE_0}\"\n";
			showEnvVarsInLog = 0;
		};
/* End PBXShellScriptBuildPhase section */

/* Begin PBXSourcesBuildPhase section */
		C0E0ADD12E386B0800E8F8EA /* Sources */ = {
			isa = PBXSourcesBuildPhase;
			buildActionMask = 2147483647;
			files = (
				C0E0ADFB2E386B0F00E8F8EA /* AppDelegate.swift in Sources */,
				C0E0ADFC2E386B0F00E8F8EA /* SceneDelegate.swift in Sources */,
				C0E0ADFD2E386B0F00E8F8EA /* ViewController.swift in Sources */,
			);
			runOnlyForDeploymentPostprocessing = 0;
		};
/* End PBXSourcesBuildPhase section */

/* Begin PBXVariantGroup section */
		C0E0ADF12E386B0F00E8F8EA /* LaunchScreen.storyboard */ = {
			isa = PBXVariantGroup;
			children = (
				C0E0ADF02E386B0F00E8F8EA /* Base */,
			);
			name = LaunchScreen.storyboard;
			sourceTree = "<group>";
		};
		C0E0ADF32E386B0F00E8F8EA /* Main.storyboard */ = {
			isa = PBXVariantGroup;
			children = (
				C0E0ADF22E386B0F00E8F8EA /* Base */,
			);
			name = Main.storyboard;
			sourceTree = "<group>";
		};
/* End PBXVariantGroup section */

/* Begin XCBuildConfiguration section */
		C0E0ADE92E386B0900E8F8EA /* Debug */ = {
			isa = XCBuildConfiguration;
			baseConfigurationReference = A399EC3F3DB05752E477D03E /* Pods-Swift-LongImage.debug.xcconfig */;
			buildSettings = {
				ASSETCATALOG_COMPILER_APPICON_NAME = AppIcon;
				ASSETCATALOG_COMPILER_GLOBAL_ACCENT_COLOR_NAME = AccentColor;
				CODE_SIGN_STYLE = Automatic;
				CURRENT_PROJECT_VERSION = 1;
				DEVELOPMENT_TEAM = F6J476UQK9;
				ENABLE_USER_SCRIPT_SANDBOXING = NO;
				GENERATE_INFOPLIST_FILE = YES;
				INFOPLIST_FILE = "Swift-LongImage/Info.plist";
				INFOPLIST_KEY_UIApplicationSupportsIndirectInputEvents = YES;
				INFOPLIST_KEY_UILaunchStoryboardName = LaunchScreen;
				INFOPLIST_KEY_UIMainStoryboardFile = Main;
				INFOPLIST_KEY_UISupportedInterfaceOrientations_iPad = "UIInterfaceOrientationPortrait UIInterfaceOrientationPortraitUpsideDown UIInterfaceOrientationLandscapeLeft UIInterfaceOrientationLandscapeRight";
				INFOPLIST_KEY_UISupportedInterfaceOrientations_iPhone = "UIInterfaceOrientationPortrait UIInterfaceOrientationLandscapeLeft UIInterfaceOrientationLandscapeRight";
				IPHONEOS_DEPLOYMENT_TARGET = 15.6;
				LD_RUNPATH_SEARCH_PATHS = (
					"$(inherited)",
					"@executable_path/Frameworks",
				);
				MARKETING_VERSION = 1.0;
				PRODUCT_BUNDLE_IDENTIFIER = "-11.Swift-LongImage";
				PRODUCT_NAME = "$(TARGET_NAME)";
				SWIFT_EMIT_LOC_STRINGS = YES;
				SWIFT_VERSION = 5.0;
				TARGETED_DEVICE_FAMILY = "1,2";
			};
			name = Debug;
		};
		C0E0ADEA2E386B0900E8F8EA /* Release */ = {
			isa = XCBuildConfiguration;
			baseConfigurationReference = 423ABD36AB4899B03EE7D139 /* Pods-Swift-LongImage.release.xcconfig */;
			buildSettings = {
				ASSETCATALOG_COMPILER_APPICON_NAME = AppIcon;
				ASSETCATALOG_COMPILER_GLOBAL_ACCENT_COLOR_NAME = AccentColor;
				CODE_SIGN_STYLE = Automatic;
				CURRENT_PROJECT_VERSION = 1;
				DEVELOPMENT_TEAM = F6J476UQK9;
				ENABLE_USER_SCRIPT_SANDBOXING = NO;
				GENERATE_INFOPLIST_FILE = YES;
				INFOPLIST_FILE = "Swift-LongImage/Info.plist";
				INFOPLIST_KEY_UIApplicationSupportsIndirectInputEvents = YES;
				INFOPLIST_KEY_UILaunchStoryboardName = LaunchScreen;
				INFOPLIST_KEY_UIMainStoryboardFile = Main;
				INFOPLIST_KEY_UISupportedInterfaceOrientations_iPad = "UIInterfaceOrientationPortrait UIInterfaceOrientationPortraitUpsideDown UIInterfaceOrientationLandscapeLeft UIInterfaceOrientationLandscapeRight";
				INFOPLIST_KEY_UISupportedInterfaceOrientations_iPhone = "UIInterfaceOrientationPortrait UIInterfaceOrientationLandscapeLeft UIInterfaceOrientationLandscapeRight";
				IPHONEOS_DEPLOYMENT_TARGET = 15.6;
				LD_RUNPATH_SEARCH_PATHS = (
					"$(inherited)",
					"@executable_path/Frameworks",
				);
				MARKETING_VERSION = 1.0;
				PRODUCT_BUNDLE_IDENTIFIER = "-11.Swift-LongImage";
				PRODUCT_NAME = "$(TARGET_NAME)";
				SWIFT_EMIT_LOC_STRINGS = YES;
				SWIFT_VERSION = 5.0;
				TARGETED_DEVICE_FAMILY = "1,2";
			};
			name = Release;
		};
		C0E0ADEB2E386B0900E8F8EA /* Debug */ = {
			isa = XCBuildConfiguration;
			buildSettings = {
				ALWAYS_SEARCH_USER_PATHS = NO;
				ASSETCATALOG_COMPILER_GENERATE_SWIFT_ASSET_SYMBOL_EXTENSIONS = YES;
				CLANG_ANALYZER_NONNULL = YES;
				CLANG_ANALYZER_NUMBER_OBJECT_CONVERSION = YES_AGGRESSIVE;
				CLANG_CXX_LANGUAGE_STANDARD = "gnu++20";
				CLANG_ENABLE_MODULES = YES;
				CLANG_ENABLE_OBJC_ARC = YES;
				CLANG_ENABLE_OBJC_WEAK = YES;
				CLANG_WARN_BLOCK_CAPTURE_AUTORELEASING = YES;
				CLANG_WARN_BOOL_CONVERSION = YES;
				CLANG_WARN_COMMA = YES;
				CLANG_WARN_CONSTANT_CONVERSION = YES;
				CLANG_WARN_DEPRECATED_OBJC_IMPLEMENTATIONS = YES;
				CLANG_WARN_DIRECT_OBJC_ISA_USAGE = YES_ERROR;
				CLANG_WARN_DOCUMENTATION_COMMENTS = YES;
				CLANG_WARN_EMPTY_BODY = YES;
				CLANG_WARN_ENUM_CONVERSION = YES;
				CLANG_WARN_INFINITE_RECURSION = YES;
				CLANG_WARN_INT_CONVERSION = YES;
				CLANG_WARN_NON_LITERAL_NULL_CONVERSION = YES;
				CLANG_WARN_OBJC_IMPLICIT_RETAIN_SELF = YES;
				CLANG_WARN_OBJC_LITERAL_CONVERSION = YES;
				CLANG_WARN_OBJC_ROOT_CLASS = YES_ERROR;
				CLANG_WARN_QUOTED_INCLUDE_IN_FRAMEWORK_HEADER = YES;
				CLANG_WARN_RANGE_LOOP_ANALYSIS = YES;
				CLANG_WARN_STRICT_PROTOTYPES = YES;
				CLANG_WARN_SUSPICIOUS_MOVE = YES;
				CLANG_WARN_UNGUARDED_AVAILABILITY = YES_AGGRESSIVE;
				CLANG_WARN_UNREACHABLE_CODE = YES;
				CLANG_WARN__DUPLICATE_METHOD_MATCH = YES;
				COPY_PHASE_STRIP = NO;
				DEBUG_INFORMATION_FORMAT = dwarf;
				ENABLE_STRICT_OBJC_MSGSEND = YES;
				ENABLE_TESTABILITY = YES;
				ENABLE_USER_SCRIPT_SANDBOXING = YES;
				GCC_C_LANGUAGE_STANDARD = gnu17;
				GCC_DYNAMIC_NO_PIC = NO;
				GCC_NO_COMMON_BLOCKS = YES;
				GCC_OPTIMIZATION_LEVEL = 0;
				GCC_PREPROCESSOR_DEFINITIONS = (
					"DEBUG=1",
					"$(inherited)",
				);
				GCC_WARN_64_TO_32_BIT_CONVERSION = YES;
				GCC_WARN_ABOUT_RETURN_TYPE = YES_ERROR;
				GCC_WARN_UNDECLARED_SELECTOR = YES;
				GCC_WARN_UNINITIALIZED_AUTOS = YES_AGGRESSIVE;
				GCC_WARN_UNUSED_FUNCTION = YES;
				GCC_WARN_UNUSED_VARIABLE = YES;
				IPHONEOS_DEPLOYMENT_TARGET = 18.4;
				LOCALIZATION_PREFERS_STRING_CATALOGS = YES;
				MTL_ENABLE_DEBUG_INFO = INCLUDE_SOURCE;
				MTL_FAST_MATH = YES;
				ONLY_ACTIVE_ARCH = YES;
				SDKROOT = iphoneos;
				SWIFT_ACTIVE_COMPILATION_CONDITIONS = "DEBUG $(inherited)";
				SWIFT_OPTIMIZATION_LEVEL = "-Onone";
			};
			name = Debug;
		};
		C0E0ADEC2E386B0900E8F8EA /* Release */ = {
			isa = XCBuildConfiguration;
			buildSettings = {
				ALWAYS_SEARCH_USER_PATHS = NO;
				ASSETCATALOG_COMPILER_GENERATE_SWIFT_ASSET_SYMBOL_EXTENSIONS = YES;
				CLANG_ANALYZER_NONNULL = YES;
				CLANG_ANALYZER_NUMBER_OBJECT_CONVERSION = YES_AGGRESSIVE;
				CLANG_CXX_LANGUAGE_STANDARD = "gnu++20";
				CLANG_ENABLE_MODULES = YES;
				CLANG_ENABLE_OBJC_ARC = YES;
				CLANG_ENABLE_OBJC_WEAK = YES;
				CLANG_WARN_BLOCK_CAPTURE_AUTORELEASING = YES;
				CLANG_WARN_BOOL_CONVERSION = YES;
				CLANG_WARN_COMMA = YES;
				CLANG_WARN_CONSTANT_CONVERSION = YES;
				CLANG_WARN_DEPRECATED_OBJC_IMPLEMENTATIONS = YES;
				CLANG_WARN_DIRECT_OBJC_ISA_USAGE = YES_ERROR;
				CLANG_WARN_DOCUMENTATION_COMMENTS = YES;
				CLANG_WARN_EMPTY_BODY = YES;
				CLANG_WARN_ENUM_CONVERSION = YES;
				CLANG_WARN_INFINITE_RECURSION = YES;
				CLANG_WARN_INT_CONVERSION = YES;
				CLANG_WARN_NON_LITERAL_NULL_CONVERSION = YES;
				CLANG_WARN_OBJC_IMPLICIT_RETAIN_SELF = YES;
				CLANG_WARN_OBJC_LITERAL_CONVERSION = YES;
				CLANG_WARN_OBJC_ROOT_CLASS = YES_ERROR;
				CLANG_WARN_QUOTED_INCLUDE_IN_FRAMEWORK_HEADER = YES;
				CLANG_WARN_RANGE_LOOP_ANALYSIS = YES;
				CLANG_WARN_STRICT_PROTOTYPES = YES;
				CLANG_WARN_SUSPICIOUS_MOVE = YES;
				CLANG_WARN_UNGUARDED_AVAILABILITY = YES_AGGRESSIVE;
				CLANG_WARN_UNREACHABLE_CODE = YES;
				CLANG_WARN__DUPLICATE_METHOD_MATCH = YES;
				COPY_PHASE_STRIP = NO;
				DEBUG_INFORMATION_FORMAT = "dwarf-with-dsym";
				ENABLE_NS_ASSERTIONS = NO;
				ENABLE_STRICT_OBJC_MSGSEND = YES;
				ENABLE_USER_SCRIPT_SANDBOXING = YES;
				GCC_C_LANGUAGE_STANDARD = gnu17;
				GCC_NO_COMMON_BLOCKS = YES;
				GCC_WARN_64_TO_32_BIT_CONVERSION = YES;
				GCC_WARN_ABOUT_RETURN_TYPE = YES_ERROR;
				GCC_WARN_UNDECLARED_SELECTOR = YES;
				GCC_WARN_UNINITIALIZED_AUTOS = YES_AGGRESSIVE;
				GCC_WARN_UNUSED_FUNCTION = YES;
				GCC_WARN_UNUSED_VARIABLE = YES;
				IPHONEOS_DEPLOYMENT_TARGET = 18.4;
				LOCALIZATION_PREFERS_STRING_CATALOGS = YES;
				MTL_ENABLE_DEBUG_INFO = NO;
				MTL_FAST_MATH = YES;
				SDKROOT = iphoneos;
				SWIFT_COMPILATION_MODE = wholemodule;
				VALIDATE_PRODUCT = YES;
			};
			name = Release;
		};
/* End XCBuildConfiguration section */

/* Begin XCConfigurationList section */
		C0E0ADD02E386B0800E8F8EA /* Build configuration list for PBXProject "Swift-LongImage" */ = {
			isa = XCConfigurationList;
			buildConfigurations = (
				C0E0ADEB2E386B0900E8F8EA /* Debug */,
				C0E0ADEC2E386B0900E8F8EA /* Release */,
			);
			defaultConfigurationIsVisible = 0;
			defaultConfigurationName = Release;
		};
		C0E0ADE82E386B0900E8F8EA /* Build configuration list for PBXNativeTarget "Swift-LongImage" */ = {
			isa = XCConfigurationList;
			buildConfigurations = (
				C0E0ADE92E386B0900E8F8EA /* Debug */,
				C0E0ADEA2E386B0900E8F8EA /* Release */,
			);
			defaultConfigurationIsVisible = 0;
			defaultConfigurationName = Release;
		};
/* End XCConfigurationList section */
	};
	rootObject = C0E0ADCD2E386B0800E8F8EA /* Project object */;
}
